{
  "version": 4,
  "terraform_version": "1.4.2",
  "serial": 3,
  "lineage": "ba88a150-81f3-a61d-5d6a-b002aeff2ecd",
  "outputs": {},
  "resources": [
    {
      "mode": "managed",
      "type": "newrelic_alert_policy",
      "name": "foo",
      "provider": "provider[\"registry.terraform.io/newrelic/newrelic\"]",
      "instances": [
        {
          "schema_version": 0,
          "attributes": {
            "account_id": 4043696,
            "channel_ids": null,
            "id": "4571768",
            "incident_preference": "PER_POLICY",
            "name": "foo"
          },
          "sensitive_attributes": [],
          "private": "bnVsbA=="
        }
      ]
    }
  ],
  "check_results": null
}
